
Microsoft Visual Studio Solution File, Format Version 12.00
# Visual Studio Version 17
VisualStudioVersion = 17.3.32901.215
MinimumVisualStudioVersion = 10.0.40219.1
Project("{FAE04EC0-301F-11D3-BF4B-00C04F79EFBC}") = "AllIn1SpriteShaderAssembly", "AllIn1SpriteShaderAssembly.csproj", "{357EB73D-972E-B6DE-F2FB-FEA1302B61DF}"
EndProject
Project("{FAE04EC0-301F-11D3-BF4B-00C04F79EFBC}") = "Assembly-CSharp", "Assembly-CSharp.csproj", "{B0730F3F-9038-F92A-122C-9CB7688BED68}"
EndProject
Project("{FAE04EC0-301F-11D3-BF4B-00C04F79EFBC}") = "Assembly-CSharp-firstpass", "Assembly-CSharp-firstpass.csproj", "{6CF6B88B-AF7E-A032-9B1A-C9586481A40B}"
EndProject
Project("{FAE04EC0-301F-11D3-BF4B-00C04F79EFBC}") = "Assembly-CSharp-Editor", "Assembly-CSharp-Editor.csproj", "{812240B4-15FF-8BD6-DFF9-C5D5F26E81FC}"
EndProject
Global
	GlobalSection(SolutionConfigurationPlatforms) = preSolution
		Debug|Any CPU = Debug|Any CPU
		Release|Any CPU = Release|Any CPU
	EndGlobalSection
	GlobalSection(ProjectConfigurationPlatforms) = postSolution
		{357EB73D-972E-B6DE-F2FB-FEA1302B61DF}.Debug|Any CPU.ActiveCfg = Debug|Any CPU
		{357EB73D-972E-B6DE-F2FB-FEA1302B61DF}.Debug|Any CPU.Build.0 = Debug|Any CPU
		{357EB73D-972E-B6DE-F2FB-FEA1302B61DF}.Release|Any CPU.ActiveCfg = Release|Any CPU
		{357EB73D-972E-B6DE-F2FB-FEA1302B61DF}.Release|Any CPU.Build.0 = Release|Any CPU
		{B0730F3F-9038-F92A-122C-9CB7688BED68}.Debug|Any CPU.ActiveCfg = Debug|Any CPU
		{B0730F3F-9038-F92A-122C-9CB7688BED68}.Debug|Any CPU.Build.0 = Debug|Any CPU
		{B0730F3F-9038-F92A-122C-9CB7688BED68}.Release|Any CPU.ActiveCfg = Release|Any CPU
		{B0730F3F-9038-F92A-122C-9CB7688BED68}.Release|Any CPU.Build.0 = Release|Any CPU
		{6CF6B88B-AF7E-A032-9B1A-C9586481A40B}.Debug|Any CPU.ActiveCfg = Debug|Any CPU
		{6CF6B88B-AF7E-A032-9B1A-C9586481A40B}.Debug|Any CPU.Build.0 = Debug|Any CPU
		{6CF6B88B-AF7E-A032-9B1A-C9586481A40B}.Release|Any CPU.ActiveCfg = Release|Any CPU
		{6CF6B88B-AF7E-A032-9B1A-C9586481A40B}.Release|Any CPU.Build.0 = Release|Any CPU
		{812240B4-15FF-8BD6-DFF9-C5D5F26E81FC}.Debug|Any CPU.ActiveCfg = Debug|Any CPU
		{812240B4-15FF-8BD6-DFF9-C5D5F26E81FC}.Debug|Any CPU.Build.0 = Debug|Any CPU
		{812240B4-15FF-8BD6-DFF9-C5D5F26E81FC}.Release|Any CPU.ActiveCfg = Release|Any CPU
		{812240B4-15FF-8BD6-DFF9-C5D5F26E81FC}.Release|Any CPU.Build.0 = Release|Any CPU
	EndGlobalSection
	GlobalSection(SolutionProperties) = preSolution
		HideSolutionNode = FALSE
	EndGlobalSection
	GlobalSection(ExtensibilityGlobals) = postSolution
		SolutionGuid = {6876BCD5-7076-4FEE-8079-FAB768F9DD93}
	EndGlobalSection
EndGlobal
